
Microsoft Visual Studio Solution File, Format Version 12.00
# Visual Studio Version 16
VisualStudioVersion = 16.0.29609.76
MinimumVisualStudioVersion = 10.0.40219.1
Project("{FAE04EC0-301F-11D3-BF4B-00C04F79EFBC}") = "FirstMVCWebsite", "FirstMVCWebsite\FirstMVCWebsite.csproj", "{7A908D51-3C05-43EE-B0FE-974261D65AC1}"
EndProject
Global
	GlobalSection(SolutionConfigurationPlatforms) = preSolution
		Debug|Any CPU = Debug|Any CPU
		Release|Any CPU = Release|Any CPU
	EndGlobalSection
	GlobalSection(ProjectConfigurationPlatforms) = postSolution
		{7A908D51-3C05-43EE-B0FE-974261D65AC1}.Debug|Any CPU.ActiveCfg = Debug|Any CPU
		{7A908D51-3C05-43EE-B0FE-974261D65AC1}.Debug|Any CPU.Build.0 = Debug|Any CPU
		{7A908D51-3C05-43EE-B0FE-974261D65AC1}.Release|Any CPU.ActiveCfg = Release|Any CPU
		{7A908D51-3C05-43EE-B0FE-974261D65AC1}.Release|Any CPU.Build.0 = Release|Any CPU
	EndGlobalSection
	GlobalSection(SolutionProperties) = preSolution
		HideSolutionNode = FALSE
	EndGlobalSection
	GlobalSection(ExtensibilityGlobals) = postSolution
		SolutionGuid = {7EB841B0-8672-4C5E-83E9-9DC78D727B11}
	EndGlobalSection
EndGlobal
